
Microsoft Visual Studio Solution File, Format Version 12.00
# Visual Studio Version 17
VisualStudioVersion = 17.3.32819.101
MinimumVisualStudioVersion = 10.0.40219.1
Project("{9A19103F-16F7-4668-BE54-9A1E7A4F7556}") = "Testes", "Testes.csproj", "{B2157F53-CAA5-40ED-AF33-AF1CADB8640B}"
EndProject
Project("{9A19103F-16F7-4668-BE54-9A1E7A4F7556}") = "TestesWPF", "..\TestesWPF\TestesWPF.csproj", "{164DA339-3628-4B60-81C9-6C08916D36AB}"
EndProject
Project("{2150E333-8FDC-42A3-9474-1A3956D46DE8}") = "Teste06", "Teste06", "{F959FF72-087A-4798-85FF-37F36BECAC9C}"
	ProjectSection(SolutionItems) = preProject
		TextFile2.txt = TextFile2.txt
	EndProjectSection
EndProject
Global
	GlobalSection(SolutionConfigurationPlatforms) = preSolution
		Debug|Any CPU = Debug|Any CPU
		Release|Any CPU = Release|Any CPU
	EndGlobalSection
	GlobalSection(ProjectConfigurationPlatforms) = postSolution
		{B2157F53-CAA5-40ED-AF33-AF1CADB8640B}.Debug|Any CPU.ActiveCfg = Debug|Any CPU
		{B2157F53-CAA5-40ED-AF33-AF1CADB8640B}.Debug|Any CPU.Build.0 = Debug|Any CPU
		{B2157F53-CAA5-40ED-AF33-AF1CADB8640B}.Release|Any CPU.ActiveCfg = Release|Any CPU
		{B2157F53-CAA5-40ED-AF33-AF1CADB8640B}.Release|Any CPU.Build.0 = Release|Any CPU
		{164DA339-3628-4B60-81C9-6C08916D36AB}.Debug|Any CPU.ActiveCfg = Debug|Any CPU
		{164DA339-3628-4B60-81C9-6C08916D36AB}.Debug|Any CPU.Build.0 = Debug|Any CPU
		{164DA339-3628-4B60-81C9-6C08916D36AB}.Release|Any CPU.ActiveCfg = Release|Any CPU
		{164DA339-3628-4B60-81C9-6C08916D36AB}.Release|Any CPU.Build.0 = Release|Any CPU
	EndGlobalSection
	GlobalSection(SolutionProperties) = preSolution
		HideSolutionNode = FALSE
	EndGlobalSection
	GlobalSection(ExtensibilityGlobals) = postSolution
		SolutionGuid = {0B61BB13-FF03-40CB-956E-FB03DC01FCDD}
	EndGlobalSection
EndGlobal
